
Microsoft Visual Studio Solution File, Format Version 12.00
# Visual Studio Version 16
VisualStudioVersion = 16.0.31205.134
MinimumVisualStudioVersion = 10.0.40219.1
Project("{FAE04EC0-301F-11D3-BF4B-00C04F79EFBC}") = "AI_2048", "AI_2048\AI_2048.csproj", "{81A1BD55-F7B2-4DBD-969A-901A2B803279}"
EndProject
Global
	GlobalSection(SolutionConfigurationPlatforms) = preSolution
		Debug|Any CPU = Debug|Any CPU
		Release|Any CPU = Release|Any CPU
	EndGlobalSection
	GlobalSection(ProjectConfigurationPlatforms) = postSolution
		{81A1BD55-F7B2-4DBD-969A-901A2B803279}.Debug|Any CPU.ActiveCfg = Debug|Any CPU
		{81A1BD55-F7B2-4DBD-969A-901A2B803279}.Debug|Any CPU.Build.0 = Debug|Any CPU
		{81A1BD55-F7B2-4DBD-969A-901A2B803279}.Release|Any CPU.ActiveCfg = Release|Any CPU
		{81A1BD55-F7B2-4DBD-969A-901A2B803279}.Release|Any CPU.Build.0 = Release|Any CPU
	EndGlobalSection
	GlobalSection(SolutionProperties) = preSolution
		HideSolutionNode = FALSE
	EndGlobalSection
	GlobalSection(ExtensibilityGlobals) = postSolution
		SolutionGuid = {D16D7A7E-1981-420A-A6CC-AEB134B8A310}
	EndGlobalSection
EndGlobal
